
Microsoft Visual Studio Solution File, Format Version 12.00
# Visual Studio Version 17
VisualStudioVersion = 17.7.34202.233
MinimumVisualStudioVersion = 10.0.40219.1
Project("{8BC9CEB8-8B4A-11D0-8D11-00A0C91BC942}") = "Adaptacion", "Adaptacion.vcxproj", "{EC8B394F-C074-4E35-AC15-E2470A88DA8C}"
EndProject
Global
	GlobalSection(SolutionConfigurationPlatforms) = preSolution
		Debug|x64 = Debug|x64
		Debug|x86 = Debug|x86
		Release|x64 = Release|x64
		Release|x86 = Release|x86
	EndGlobalSection
	GlobalSection(ProjectConfigurationPlatforms) = postSolution
		{EC8B394F-C074-4E35-AC15-E2470A88DA8C}.Debug|x64.ActiveCfg = Debug|x64
		{EC8B394F-C074-4E35-AC15-E2470A88DA8C}.Debug|x64.Build.0 = Debug|x64
		{EC8B394F-C074-4E35-AC15-E2470A88DA8C}.Debug|x86.ActiveCfg = Debug|Win32
		{EC8B394F-C074-4E35-AC15-E2470A88DA8C}.Debug|x86.Build.0 = Debug|Win32
		{EC8B394F-C074-4E35-AC15-E2470A88DA8C}.Release|x64.ActiveCfg = Release|x64
		{EC8B394F-C074-4E35-AC15-E2470A88DA8C}.Release|x64.Build.0 = Release|x64
		{EC8B394F-C074-4E35-AC15-E2470A88DA8C}.Release|x86.ActiveCfg = Release|Win32
		{EC8B394F-C074-4E35-AC15-E2470A88DA8C}.Release|x86.Build.0 = Release|Win32
	EndGlobalSection
	GlobalSection(SolutionProperties) = preSolution
		HideSolutionNode = FALSE
	EndGlobalSection
	GlobalSection(ExtensibilityGlobals) = postSolution
		SolutionGuid = {085E7D8E-57A4-4878-B2A6-F30B78A60122}
	EndGlobalSection
EndGlobal
